{
  "name": "node.curso",
  "lockfileVersion": 3,
  "requires": true,
  "packages": {
    "": {
      "dependencies": {
        "lodash": "^4.17.21",
        "todash": "^2.4.0"
      }
    },
    "node_modules/lodash": {
      "version": "4.17.21",
      "resolved": "https://registry.npmjs.org/lodash/-/lodash-4.17.21.tgz",
      "integrity": "sha512-v2kDEe57lecTulaDIuNTPy3Ry4gLGJ6Z1O3vE1krgXZNrsQ+LFTGHVxVjcXPs17LhbZVGedAJv8XZ1tvj5FvSg=="
    },
    "node_modules/todash": {
      "version": "2.4.0",
      "resolved": "https://registry.npmjs.org/todash/-/todash-2.4.0.tgz",
      "integrity": "sha512-d3zqcnuXh/hRyb5cxn5J4cK6VzBGxwSAMwoAAipGJrP59FxXqLP+zGBlN74vdM2LU4VgTC3n2blDJt8lwdwc0g=="
    }
  }
}
